
Microsoft Visual Studio Solution File, Format Version 12.00
# Visual Studio Version 16
VisualStudioVersion = 16.0.30907.101
MinimumVisualStudioVersion = 10.0.40219.1
Project("{FAE04EC0-301F-11D3-BF4B-00C04F79EFBC}") = "HotelReservationsManager", "HotelReservationsManager\HotelReservationsManager.csproj", "{337A1180-91BE-4A0C-A410-0C22CB987111}"
EndProject
Project("{FAE04EC0-301F-11D3-BF4B-00C04F79EFBC}") = "DataLibrary", "DataLibrary\DataLibrary.csproj", "{5552CB9B-264E-4077-9904-B962A594F4D6}"
EndProject
Global
	GlobalSection(SolutionConfigurationPlatforms) = preSolution
		Debug|Any CPU = Debug|Any CPU
		Release|Any CPU = Release|Any CPU
	EndGlobalSection
	GlobalSection(ProjectConfigurationPlatforms) = postSolution
		{337A1180-91BE-4A0C-A410-0C22CB987111}.Debug|Any CPU.ActiveCfg = Debug|Any CPU
		{337A1180-91BE-4A0C-A410-0C22CB987111}.Debug|Any CPU.Build.0 = Debug|Any CPU
		{337A1180-91BE-4A0C-A410-0C22CB987111}.Release|Any CPU.ActiveCfg = Release|Any CPU
		{337A1180-91BE-4A0C-A410-0C22CB987111}.Release|Any CPU.Build.0 = Release|Any CPU
		{5552CB9B-264E-4077-9904-B962A594F4D6}.Debug|Any CPU.ActiveCfg = Debug|Any CPU
		{5552CB9B-264E-4077-9904-B962A594F4D6}.Debug|Any CPU.Build.0 = Debug|Any CPU
		{5552CB9B-264E-4077-9904-B962A594F4D6}.Release|Any CPU.ActiveCfg = Release|Any CPU
		{5552CB9B-264E-4077-9904-B962A594F4D6}.Release|Any CPU.Build.0 = Release|Any CPU
	EndGlobalSection
	GlobalSection(SolutionProperties) = preSolution
		HideSolutionNode = FALSE
	EndGlobalSection
	GlobalSection(ExtensibilityGlobals) = postSolution
		SolutionGuid = {DF1D0C54-2CE2-4B51-B5E6-DD668061A6FA}
	EndGlobalSection
EndGlobal
